
Microsoft Visual Studio Solution File, Format Version 12.00
# Visual Studio Version 17
VisualStudioVersion = 17.5.33414.496
MinimumVisualStudioVersion = 10.0.40219.1
Project("{9A19103F-16F7-4668-BE54-9A1E7A4F7556}") = "CIPlatformMain", "CIPlatformMain\CIPlatformMain.csproj", "{EE69BA47-9368-494C-8F8A-37434D9EA8A6}"
EndProject
Project("{FAE04EC0-301F-11D3-BF4B-00C04F79EFBC}") = "CIPlatformMain.Entities", "CIPlatformWeb.Entities\CIPlatformMain.Entities.csproj", "{4AD2BEE4-F33D-47EC-AED7-8473625FDA67}"
EndProject
Project("{FAE04EC0-301F-11D3-BF4B-00C04F79EFBC}") = "CIPlatformMain.Repository", "CIPlatformMain.Repository\CIPlatformMain.Repository.csproj", "{0C8422EF-A964-4459-B88B-7333F8E8E493}"
EndProject
Global
	GlobalSection(SolutionConfigurationPlatforms) = preSolution
		Debug|Any CPU = Debug|Any CPU
		Release|Any CPU = Release|Any CPU
	EndGlobalSection
	GlobalSection(ProjectConfigurationPlatforms) = postSolution
		{EE69BA47-9368-494C-8F8A-37434D9EA8A6}.Debug|Any CPU.ActiveCfg = Debug|Any CPU
		{EE69BA47-9368-494C-8F8A-37434D9EA8A6}.Debug|Any CPU.Build.0 = Debug|Any CPU
		{EE69BA47-9368-494C-8F8A-37434D9EA8A6}.Release|Any CPU.ActiveCfg = Release|Any CPU
		{EE69BA47-9368-494C-8F8A-37434D9EA8A6}.Release|Any CPU.Build.0 = Release|Any CPU
		{4AD2BEE4-F33D-47EC-AED7-8473625FDA67}.Debug|Any CPU.ActiveCfg = Debug|Any CPU
		{4AD2BEE4-F33D-47EC-AED7-8473625FDA67}.Debug|Any CPU.Build.0 = Debug|Any CPU
		{4AD2BEE4-F33D-47EC-AED7-8473625FDA67}.Release|Any CPU.ActiveCfg = Release|Any CPU
		{4AD2BEE4-F33D-47EC-AED7-8473625FDA67}.Release|Any CPU.Build.0 = Release|Any CPU
		{0C8422EF-A964-4459-B88B-7333F8E8E493}.Debug|Any CPU.ActiveCfg = Debug|Any CPU
		{0C8422EF-A964-4459-B88B-7333F8E8E493}.Debug|Any CPU.Build.0 = Debug|Any CPU
		{0C8422EF-A964-4459-B88B-7333F8E8E493}.Release|Any CPU.ActiveCfg = Release|Any CPU
		{0C8422EF-A964-4459-B88B-7333F8E8E493}.Release|Any CPU.Build.0 = Release|Any CPU
	EndGlobalSection
	GlobalSection(SolutionProperties) = preSolution
		HideSolutionNode = FALSE
	EndGlobalSection
	GlobalSection(ExtensibilityGlobals) = postSolution
		SolutionGuid = {288C5F57-FA1A-43C8-8768-25DD025C587C}
	EndGlobalSection
EndGlobal
